// !$*UTF8*$!
{
	archiveVersion = 1;
	classes = {
	};
	objectVersion = 50;
	objects = {

/* Begin PBXBuildFile section */
		1668A7C8272A7F9300627721 /* AppDelegate.swift in Sources */ = {isa = PBXBuildFile; fileRef = 1668A7C7272A7F9300627721 /* AppDelegate.swift */; };
		1668A7CA272A7F9300627721 /* SceneDelegate.swift in Sources */ = {isa = PBXBuildFile; fileRef = 1668A7C9272A7F9300627721 /* SceneDelegate.swift */; };
		1668A7CC272A7F9300627721 /* ViewController.swift in Sources */ = {isa = PBXBuildFile; fileRef = 1668A7CB272A7F9300627721 /* ViewController.swift */; };
		1668A7CF272A7F9300627721 /* Main.storyboard in Resources */ = {isa = PBXBuildFile; fileRef = 1668A7CD272A7F9300627721 /* Main.storyboard */; };
		1668A7D2272A7F9300627721 /* ImageCaching.xcdatamodeld in Sources */ = {isa = PBXBuildFile; fileRef = 1668A7D0272A7F9300627721 /* ImageCaching.xcdatamodeld */; };
		1668A7D4272A7F9600627721 /* Assets.xcassets in Resources */ = {isa = PBXBuildFile; fileRef = 1668A7D3272A7F9600627721 /* Assets.xcassets */; };
		1668A7D7272A7F9600627721 /* LaunchScreen.storyboard in Resources */ = {isa = PBXBuildFile; fileRef = 1668A7D5272A7F9600627721 /* LaunchScreen.storyboard */; };
		1668A7E2272A7F9600627721 /* ImageCachingTests.swift in Sources */ = {isa = PBXBuildFile; fileRef = 1668A7E1272A7F9600627721 /* ImageCachingTests.swift */; };
		1668A7ED272A7F9600627721 /* ImageCachingUITests.swift in Sources */ = {isa = PBXBuildFile; fileRef = 1668A7EC272A7F9600627721 /* ImageCachingUITests.swift */; };
/* End PBXBuildFile section */

/* Begin PBXContainerItemProxy section */
		1668A7DE272A7F9600627721 /* PBXContainerItemProxy */ = {
			isa = PBXContainerItemProxy;
			containerPortal = 1668A7BC272A7F9300627721 /* Project object */;
			proxyType = 1;
			remoteGlobalIDString = 1668A7C3272A7F9300627721;
			remoteInfo = ImageCaching;
		};
		1668A7E9272A7F9600627721 /* PBXContainerItemProxy */ = {
			isa = PBXContainerItemProxy;
			containerPortal = 1668A7BC272A7F9300627721 /* Project object */;
			proxyType = 1;
			remoteGlobalIDString = 1668A7C3272A7F9300627721;
			remoteInfo = ImageCaching;
		};
/* End PBXContainerItemProxy section */

/* Begin PBXFileReference section */
		1668A7C4272A7F9300627721 /* ImageCaching.app */ = {isa = PBXFileReference; explicitFileType = wrapper.application; includeInIndex = 0; path = ImageCaching.app; sourceTree = BUILT_PRODUCTS_DIR; };
		1668A7C7272A7F9300627721 /* AppDelegate.swift */ = {isa = PBXFileReference; lastKnownFileType = sourcecode.swift; path = AppDelegate.swift; sourceTree = "<group>"; };
		1668A7C9272A7F9300627721 /* SceneDelegate.swift */ = {isa = PBXFileReference; lastKnownFileType = sourcecode.swift; path = SceneDelegate.swift; sourceTree = "<group>"; };
		1668A7CB272A7F9300627721 /* ViewController.swift */ = {isa = PBXFileReference; lastKnownFileType = sourcecode.swift; path = ViewController.swift; sourceTree = "<group>"; };
		1668A7CE272A7F9300627721 /* Base */ = {isa = PBXFileReference; lastKnownFileType = file.storyboard; name = Base; path = Base.lproj/Main.storyboard; sourceTree = "<group>"; };
		1668A7D1272A7F9300627721 /* ImageCaching.xcdatamodel */ = {isa = PBXFileReference; lastKnownFileType = wrapper.xcdatamodel; path = ImageCaching.xcdatamodel; sourceTree = "<group>"; };
		1668A7D3272A7F9600627721 /* Assets.xcassets */ = {isa = PBXFileReference; lastKnownFileType = folder.assetcatalog; path = Assets.xcassets; sourceTree = "<group>"; };
		1668A7D6272A7F9600627721 /* Base */ = {isa = PBXFileReference; lastKnownFileType = file.storyboard; name = Base; path = Base.lproj/LaunchScreen.storyboard; sourceTree = "<group>"; };
		1668A7D8272A7F9600627721 /* Info.plist */ = {isa = PBXFileReference; lastKnownFileType = text.plist.xml; path = Info.plist; sourceTree = "<group>"; };
		1668A7DD272A7F9600627721 /* ImageCachingTests.xctest */ = {isa = PBXFileReference; explicitFileType = wrapper.cfbundle; includeInIndex = 0; path = ImageCachingTests.xctest; sourceTree = BUILT_PRODUCTS_DIR; };
		1668A7E1272A7F9600627721 /* ImageCachingTests.swift */ = {isa = PBXFileReference; lastKnownFileType = sourcecode.swift; path = ImageCachingTests.swift; sourceTree = "<group>"; };
		1668A7E3272A7F9600627721 /* Info.plist */ = {isa = PBXFileReference; lastKnownFileType = text.plist.xml; path = Info.plist; sourceTree = "<group>"; };
		1668A7E8272A7F9600627721 /* ImageCachingUITests.xctest */ = {isa = PBXFileReference; explicitFileType = wrapper.cfbundle; includeInIndex = 0; path = ImageCachingUITests.xctest; sourceTree = BUILT_PRODUCTS_DIR; };
		1668A7EC272A7F9600627721 /* ImageCachingUITests.swift */ = {isa = PBXFileReference; lastKnownFileType = sourcecode.swift; path = ImageCachingUITests.swift; sourceTree = "<group>"; };
		1668A7EE272A7F9600627721 /* Info.plist */ = {isa = PBXFileReference; lastKnownFileType = text.plist.xml; path = Info.plist; sourceTree = "<group>"; };
/* End PBXFileReference section */

/* Begin PBXFrameworksBuildPhase section */
		1668A7C1272A7F9300627721 /* Frameworks */ = {
			isa = PBXFrameworksBuildPhase;
			buildActionMask = 2147483647;
			files = (
			);
			runOnlyForDeploymentPostprocessing = 0;
		};
		1668A7DA272A7F9600627721 /* Frameworks */ = {
			isa = PBXFrameworksBuildPhase;
			buildActionMask = 2147483647;
			files = (
			);
			runOnlyForDeploymentPostprocessing = 0;
		};
		1668A7E5272A7F9600627721 /* Frameworks */ = {
			isa = PBXFrameworksBuildPhase;
			buildActionMask = 2147483647;
			files = (
			);
			runOnlyForDeploymentPostprocessing = 0;
		};
/* End PBXFrameworksBuildPhase section */

/* Begin PBXGroup section */
		1668A7BB272A7F9300627721 = {
			isa = PBXGroup;
			children = (
				1668A7C6272A7F9300627721 /* ImageCaching */,
				1668A7E0272A7F9600627721 /* ImageCachingTests */,
				1668A7EB272A7F9600627721 /* ImageCachingUITests */,
				1668A7C5272A7F9300627721 /* Products */,
			);
			sourceTree = "<group>";
		};
		1668A7C5272A7F9300627721 /* Products */ = {
			isa = PBXGroup;
			children = (
				1668A7C4272A7F9300627721 /* ImageCaching.app */,
				1668A7DD272A7F9600627721 /* ImageCachingTests.xctest */,
				1668A7E8272A7F9600627721 /* ImageCachingUITests.xctest */,
			);
			name = Products;
			sourceTree = "<group>";
		};
		1668A7C6272A7F9300627721 /* ImageCaching */ = {
			isa = PBXGroup;
			children = (
				1668A7C7272A7F9300627721 /* AppDelegate.swift */,
				1668A7C9272A7F9300627721 /* SceneDelegate.swift */,
				1668A7CB272A7F9300627721 /* ViewController.swift */,
				1668A7CD272A7F9300627721 /* Main.storyboard */,
				1668A7D3272A7F9600627721 /* Assets.xcassets */,
				1668A7D5272A7F9600627721 /* LaunchScreen.storyboard */,
				1668A7D8272A7F9600627721 /* Info.plist */,
				1668A7D0272A7F9300627721 /* ImageCaching.xcdatamodeld */,
			);
			path = ImageCaching;
			sourceTree = "<group>";
		};
		1668A7E0272A7F9600627721 /* ImageCachingTests */ = {
			isa = PBXGroup;
			children = (
				1668A7E1272A7F9600627721 /* ImageCachingTests.swift */,
				1668A7E3272A7F9600627721 /* Info.plist */,
			);
			path = ImageCachingTests;
			sourceTree = "<group>";
		};
		1668A7EB272A7F9600627721 /* ImageCachingUITests */ = {
			isa = PBXGroup;
			children = (
				1668A7EC272A7F9600627721 /* ImageCachingUITests.swift */,
				1668A7EE272A7F9600627721 /* Info.plist */,
			);
			path = ImageCachingUITests;
			sourceTree = "<group>";
		};
/* End PBXGroup section */

/* Begin PBXNativeTarget section */
		1668A7C3272A7F9300627721 /* ImageCaching */ = {
			isa = PBXNativeTarget;
			buildConfigurationList = 1668A7F1272A7F9600627721 /* Build configuration list for PBXNativeTarget "ImageCaching" */;
			buildPhases = (
				1668A7C0272A7F9300627721 /* Sources */,
				1668A7C1272A7F9300627721 /* Frameworks */,
				1668A7C2272A7F9300627721 /* Resources */,
			);
			buildRules = (
			);
			dependencies = (
			);
			name = ImageCaching;
			productName = ImageCaching;
			productReference = 1668A7C4272A7F9300627721 /* ImageCaching.app */;
			productType = "com.apple.product-type.application";
		};
		1668A7DC272A7F9600627721 /* ImageCachingTests */ = {
			isa = PBXNativeTarget;
			buildConfigurationList = 1668A7F4272A7F9600627721 /* Build configuration list for PBXNativeTarget "ImageCachingTests" */;
			buildPhases = (
				1668A7D9272A7F9600627721 /* Sources */,
				1668A7DA272A7F9600627721 /* Frameworks */,
				1668A7DB272A7F9600627721 /* Resources */,
			);
			buildRules = (
			);
			dependencies = (
				1668A7DF272A7F9600627721 /* PBXTargetDependency */,
			);
			name = ImageCachingTests;
			productName = ImageCachingTests;
			productReference = 1668A7DD272A7F9600627721 /* ImageCachingTests.xctest */;
			productType = "com.apple.product-type.bundle.unit-test";
		};
		1668A7E7272A7F9600627721 /* ImageCachingUITests */ = {
			isa = PBXNativeTarget;
			buildConfigurationList = 1668A7F7272A7F9600627721 /* Build configuration list for PBXNativeTarget "ImageCachingUITests" */;
			buildPhases = (
				1668A7E4272A7F9600627721 /* Sources */,
				1668A7E5272A7F9600627721 /* Frameworks */,
				1668A7E6272A7F9600627721 /* Resources */,
			);
			buildRules = (
			);
			dependencies = (
				1668A7EA272A7F9600627721 /* PBXTargetDependency */,
			);
			name = ImageCachingUITests;
			productName = ImageCachingUITests;
			productReference = 1668A7E8272A7F9600627721 /* ImageCachingUITests.xctest */;
			productType = "com.apple.product-type.bundle.ui-testing";
		};
/* End PBXNativeTarget section */

/* Begin PBXProject section */
		1668A7BC272A7F9300627721 /* Project object */ = {
			isa = PBXProject;
			attributes = {
				LastSwiftUpdateCheck = 1240;
				LastUpgradeCheck = 1240;
				TargetAttributes = {
					1668A7C3272A7F9300627721 = {
						CreatedOnToolsVersion = 12.4;
					};
					1668A7DC272A7F9600627721 = {
						CreatedOnToolsVersion = 12.4;
						TestTargetID = 1668A7C3272A7F9300627721;
					};
					1668A7E7272A7F9600627721 = {
						CreatedOnToolsVersion = 12.4;
						TestTargetID = 1668A7C3272A7F9300627721;
					};
				};
			};
			buildConfigurationList = 1668A7BF272A7F9300627721 /* Build configuration list for PBXProject "ImageCaching" */;
			compatibilityVersion = "Xcode 9.3";
			developmentRegion = en;
			hasScannedForEncodings = 0;
			knownRegions = (
				en,
				Base,
			);
			mainGroup = 1668A7BB272A7F9300627721;
			productRefGroup = 1668A7C5272A7F9300627721 /* Products */;
			projectDirPath = "";
			projectRoot = "";
			targets = (
				1668A7C3272A7F9300627721 /* ImageCaching */,
				1668A7DC272A7F9600627721 /* ImageCachingTests */,
				1668A7E7272A7F9600627721 /* ImageCachingUITests */,
			);
		};
/* End PBXProject section */

/* Begin PBXResourcesBuildPhase section */
		1668A7C2272A7F9300627721 /* Resources */ = {
			isa = PBXResourcesBuildPhase;
			buildActionMask = 2147483647;
			files = (
				1668A7D7272A7F9600627721 /* LaunchScreen.storyboard in Resources */,
				1668A7D4272A7F9600627721 /* Assets.xcassets in Resources */,
				1668A7CF272A7F9300627721 /* Main.storyboard in Resources */,
			);
			runOnlyForDeploymentPostprocessing = 0;
		};
		1668A7DB272A7F9600627721 /* Resources */ = {
			isa = PBXResourcesBuildPhase;
			buildActionMask = 2147483647;
			files = (
			);
			runOnlyForDeploymentPostprocessing = 0;
		};
		1668A7E6272A7F9600627721 /* Resources */ = {
			isa = PBXResourcesBuildPhase;
			buildActionMask = 2147483647;
			files = (
			);
			runOnlyForDeploymentPostprocessing = 0;
		};
/* End PBXResourcesBuildPhase section */

/* Begin PBXSourcesBuildPhase section */
		1668A7C0272A7F9300627721 /* Sources */ = {
			isa = PBXSourcesBuildPhase;
			buildActionMask = 2147483647;
			files = (
				1668A7CC272A7F9300627721 /* ViewController.swift in Sources */,
				1668A7D2272A7F9300627721 /* ImageCaching.xcdatamodeld in Sources */,
				1668A7C8272A7F9300627721 /* AppDelegate.swift in Sources */,
				1668A7CA272A7F9300627721 /* SceneDelegate.swift in Sources */,
			);
			runOnlyForDeploymentPostprocessing = 0;
		};
		1668A7D9272A7F9600627721 /* Sources */ = {
			isa = PBXSourcesBuildPhase;
			buildActionMask = 2147483647;
			files = (
				1668A7E2272A7F9600627721 /* ImageCachingTests.swift in Sources */,
			);
			runOnlyForDeploymentPostprocessing = 0;
		};
		1668A7E4272A7F9600627721 /* Sources */ = {
			isa = PBXSourcesBuildPhase;
			buildActionMask = 2147483647;
			files = (
				1668A7ED272A7F9600627721 /* ImageCachingUITests.swift in Sources */,
			);
			runOnlyForDeploymentPostprocessing = 0;
		};
/* End PBXSourcesBuildPhase section */

/* Begin PBXTargetDependency section */
		1668A7DF272A7F9600627721 /* PBXTargetDependency */ = {
			isa = PBXTargetDependency;
			target = 1668A7C3272A7F9300627721 /* ImageCaching */;
			targetProxy = 1668A7DE272A7F9600627721 /* PBXContainerItemProxy */;
		};
		1668A7EA272A7F9600627721 /* PBXTargetDependency */ = {
			isa = PBXTargetDependency;
			target = 1668A7C3272A7F9300627721 /* ImageCaching */;
			targetProxy = 1668A7E9272A7F9600627721 /* PBXContainerItemProxy */;
		};
/* End PBXTargetDependency section */

/* Begin PBXVariantGroup section */
		1668A7CD272A7F9300627721 /* Main.storyboard */ = {
			isa = PBXVariantGroup;
			children = (
				1668A7CE272A7F9300627721 /* Base */,
			);
			name = Main.storyboard;
			sourceTree = "<group>";
		};
		1668A7D5272A7F9600627721 /* LaunchScreen.storyboard */ = {
			isa = PBXVariantGroup;
			children = (
				1668A7D6272A7F9600627721 /* Base */,
			);
			name = LaunchScreen.storyboard;
			sourceTree = "<group>";
		};
/* End PBXVariantGroup section */

/* Begin XCBuildConfiguration section */
		1668A7EF272A7F9600627721 /* Debug */ = {
			isa = XCBuildConfiguration;
			buildSettings = {
				ALWAYS_SEARCH_USER_PATHS = NO;
				CLANG_ANALYZER_NONNULL = YES;
				CLANG_ANALYZER_NUMBER_OBJECT_CONVERSION = YES_AGGRESSIVE;
				CLANG_CXX_LANGUAGE_STANDARD = "gnu++14";
				CLANG_CXX_LIBRARY = "libc++";
				CLANG_ENABLE_MODULES = YES;
				CLANG_ENABLE_OBJC_ARC = YES;
				CLANG_ENABLE_OBJC_WEAK = YES;
				CLANG_WARN_BLOCK_CAPTURE_AUTORELEASING = YES;
				CLANG_WARN_BOOL_CONVERSION = YES;
				CLANG_WARN_COMMA = YES;
				CLANG_WARN_CONSTANT_CONVERSION = YES;
				CLANG_WARN_DEPRECATED_OBJC_IMPLEMENTATIONS = YES;
				CLANG_WARN_DIRECT_OBJC_ISA_USAGE = YES_ERROR;
				CLANG_WARN_DOCUMENTATION_COMMENTS = YES;
				CLANG_WARN_EMPTY_BODY = YES;
				CLANG_WARN_ENUM_CONVERSION = YES;
				CLANG_WARN_INFINITE_RECURSION = YES;
				CLANG_WARN_INT_CONVERSION = YES;
				CLANG_WARN_NON_LITERAL_NULL_CONVERSION = YES;
				CLANG_WARN_OBJC_IMPLICIT_RETAIN_SELF = YES;
				CLANG_WARN_OBJC_LITERAL_CONVERSION = YES;
				CLANG_WARN_OBJC_ROOT_CLASS = YES_ERROR;
				CLANG_WARN_QUOTED_INCLUDE_IN_FRAMEWORK_HEADER = YES;
				CLANG_WARN_RANGE_LOOP_ANALYSIS = YES;
				CLANG_WARN_STRICT_PROTOTYPES = YES;
				CLANG_WARN_SUSPICIOUS_MOVE = YES;
				CLANG_WARN_UNGUARDED_AVAILABILITY = YES_AGGRESSIVE;
				CLANG_WARN_UNREACHABLE_CODE = YES;
				CLANG_WARN__DUPLICATE_METHOD_MATCH = YES;
				COPY_PHASE_STRIP = NO;
				DEBUG_INFORMATION_FORMAT = dwarf;
				ENABLE_STRICT_OBJC_MSGSEND = YES;
				ENABLE_TESTABILITY = YES;
				GCC_C_LANGUAGE_STANDARD = gnu11;
				GCC_DYNAMIC_NO_PIC = NO;
				GCC_NO_COMMON_BLOCKS = YES;
				GCC_OPTIMIZATION_LEVEL = 0;
				GCC_PREPROCESSOR_DEFINITIONS = (
					"DEBUG=1",
					"$(inherited)",
				);
				GCC_WARN_64_TO_32_BIT_CONVERSION = YES;
				GCC_WARN_ABOUT_RETURN_TYPE = YES_ERROR;
				GCC_WARN_UNDECLARED_SELECTOR = YES;
				GCC_WARN_UNINITIALIZED_AUTOS = YES_AGGRESSIVE;
				GCC_WARN_UNUSED_FUNCTION = YES;
				GCC_WARN_UNUSED_VARIABLE = YES;
				IPHONEOS_DEPLOYMENT_TARGET = 14.4;
				MTL_ENABLE_DEBUG_INFO = INCLUDE_SOURCE;
				MTL_FAST_MATH = YES;
				ONLY_ACTIVE_ARCH = YES;
				SDKROOT = iphoneos;
				SWIFT_ACTIVE_COMPILATION_CONDITIONS = DEBUG;
				SWIFT_OPTIMIZATION_LEVEL = "-Onone";
			};
			name = Debug;
		};
		1668A7F0272A7F9600627721 /* Release */ = {
			isa = XCBuildConfiguration;
			buildSettings = {
				ALWAYS_SEARCH_USER_PATHS = NO;
				CLANG_ANALYZER_NONNULL = YES;
				CLANG_ANALYZER_NUMBER_OBJECT_CONVERSION = YES_AGGRESSIVE;
				CLANG_CXX_LANGUAGE_STANDARD = "gnu++14";
				CLANG_CXX_LIBRARY = "libc++";
				CLANG_ENABLE_MODULES = YES;
				CLANG_ENABLE_OBJC_ARC = YES;
				CLANG_ENABLE_OBJC_WEAK = YES;
				CLANG_WARN_BLOCK_CAPTURE_AUTORELEASING = YES;
				CLANG_WARN_BOOL_CONVERSION = YES;
				CLANG_WARN_COMMA = YES;
				CLANG_WARN_CONSTANT_CONVERSION = YES;
				CLANG_WARN_DEPRECATED_OBJC_IMPLEMENTATIONS = YES;
				CLANG_WARN_DIRECT_OBJC_ISA_USAGE = YES_ERROR;
				CLANG_WARN_DOCUMENTATION_COMMENTS = YES;
				CLANG_WARN_EMPTY_BODY = YES;
				CLANG_WARN_ENUM_CONVERSION = YES;
				CLANG_WARN_INFINITE_RECURSION = YES;
				CLANG_WARN_INT_CONVERSION = YES;
				CLANG_WARN_NON_LITERAL_NULL_CONVERSION = YES;
				CLANG_WARN_OBJC_IMPLICIT_RETAIN_SELF = YES;
				CLANG_WARN_OBJC_LITERAL_CONVERSION = YES;
				CLANG_WARN_OBJC_ROOT_CLASS = YES_ERROR;
				CLANG_WARN_QUOTED_INCLUDE_IN_FRAMEWORK_HEADER = YES;
				CLANG_WARN_RANGE_LOOP_ANALYSIS = YES;
				CLANG_WARN_STRICT_PROTOTYPES = YES;
				CLANG_WARN_SUSPICIOUS_MOVE = YES;
				CLANG_WARN_UNGUARDED_AVAILABILITY = YES_AGGRESSIVE;
				CLANG_WARN_UNREACHABLE_CODE = YES;
				CLANG_WARN__DUPLICATE_METHOD_MATCH = YES;
				COPY_PHASE_STRIP = NO;
				DEBUG_INFORMATION_FORMAT = "dwarf-with-dsym";
				ENABLE_NS_ASSERTIONS = NO;
				ENABLE_STRICT_OBJC_MSGSEND = YES;
				GCC_C_LANGUAGE_STANDARD = gnu11;
				GCC_NO_COMMON_BLOCKS = YES;
				GCC_WARN_64_TO_32_BIT_CONVERSION = YES;
				GCC_WARN_ABOUT_RETURN_TYPE = YES_ERROR;
				GCC_WARN_UNDECLARED_SELECTOR = YES;
				GCC_WARN_UNINITIALIZED_AUTOS = YES_AGGRESSIVE;
				GCC_WARN_UNUSED_FUNCTION = YES;
				GCC_WARN_UNUSED_VARIABLE = YES;
				IPHONEOS_DEPLOYMENT_TARGET = 14.4;
				MTL_ENABLE_DEBUG_INFO = NO;
				MTL_FAST_MATH = YES;
				SDKROOT = iphoneos;
				SWIFT_COMPILATION_MODE = wholemodule;
				SWIFT_OPTIMIZATION_LEVEL = "-O";
				VALIDATE_PRODUCT = YES;
			};
			name = Release;
		};
		1668A7F2272A7F9600627721 /* Debug */ = {
			isa = XCBuildConfiguration;
			buildSettings = {
				ASSETCATALOG_COMPILER_APPICON_NAME = AppIcon;
				ASSETCATALOG_COMPILER_GLOBAL_ACCENT_COLOR_NAME = AccentColor;
				CODE_SIGN_STYLE = Automatic;
				INFOPLIST_FILE = ImageCaching/Info.plist;
				LD_RUNPATH_SEARCH_PATHS = (
					"$(inherited)",
					"@executable_path/Frameworks",
				);
				PRODUCT_BUNDLE_IDENTIFIER = com.gizmogul.ImageCaching;
				PRODUCT_NAME = "$(TARGET_NAME)";
				SWIFT_VERSION = 5.0;
				TARGETED_DEVICE_FAMILY = "1,2";
			};
			name = Debug;
		};
		1668A7F3272A7F9600627721 /* Release */ = {
			isa = XCBuildConfiguration;
			buildSettings = {
				ASSETCATALOG_COMPILER_APPICON_NAME = AppIcon;
				ASSETCATALOG_COMPILER_GLOBAL_ACCENT_COLOR_NAME = AccentColor;
				CODE_SIGN_STYLE = Automatic;
				INFOPLIST_FILE = ImageCaching/Info.plist;
				LD_RUNPATH_SEARCH_PATHS = (
					"$(inherited)",
					"@executable_path/Frameworks",
				);
				PRODUCT_BUNDLE_IDENTIFIER = com.gizmogul.ImageCaching;
				PRODUCT_NAME = "$(TARGET_NAME)";
				SWIFT_VERSION = 5.0;
				TARGETED_DEVICE_FAMILY = "1,2";
			};
			name = Release;
		};
		1668A7F5272A7F9600627721 /* Debug */ = {
			isa = XCBuildConfiguration;
			buildSettings = {
				ALWAYS_EMBED_SWIFT_STANDARD_LIBRARIES = YES;
				BUNDLE_LOADER = "$(TEST_HOST)";
				CODE_SIGN_STYLE = Automatic;
				INFOPLIST_FILE = ImageCachingTests/Info.plist;
				IPHONEOS_DEPLOYMENT_TARGET = 14.4;
				LD_RUNPATH_SEARCH_PATHS = (
					"$(inherited)",
					"@executable_path/Frameworks",
					"@loader_path/Frameworks",
				);
				PRODUCT_BUNDLE_IDENTIFIER = com.gizmogul.ImageCachingTests;
				PRODUCT_NAME = "$(TARGET_NAME)";
				SWIFT_VERSION = 5.0;
				TARGETED_DEVICE_FAMILY = "1,2";
				TEST_HOST = "$(BUILT_PRODUCTS_DIR)/ImageCaching.app/ImageCaching";
			};
			name = Debug;
		};
		1668A7F6272A7F9600627721 /* Release */ = {
			isa = XCBuildConfiguration;
			buildSettings = {
				ALWAYS_EMBED_SWIFT_STANDARD_LIBRARIES = YES;
				BUNDLE_LOADER = "$(TEST_HOST)";
				CODE_SIGN_STYLE = Automatic;
				INFOPLIST_FILE = ImageCachingTests/Info.plist;
				IPHONEOS_DEPLOYMENT_TARGET = 14.4;
				LD_RUNPATH_SEARCH_PATHS = (
					"$(inherited)",
					"@executable_path/Frameworks",
					"@loader_path/Frameworks",
				);
				PRODUCT_BUNDLE_IDENTIFIER = com.gizmogul.ImageCachingTests;
				PRODUCT_NAME = "$(TARGET_NAME)";
				SWIFT_VERSION = 5.0;
				TARGETED_DEVICE_FAMILY = "1,2";
				TEST_HOST = "$(BUILT_PRODUCTS_DIR)/ImageCaching.app/ImageCaching";
			};
			name = Release;
		};
		1668A7F8272A7F9600627721 /* Debug */ = {
			isa = XCBuildConfiguration;
			buildSettings = {
				ALWAYS_EMBED_SWIFT_STANDARD_LIBRARIES = YES;
				CODE_SIGN_STYLE = Automatic;
				INFOPLIST_FILE = ImageCachingUITests/Info.plist;
				LD_RUNPATH_SEARCH_PATHS = (
					"$(inherited)",
					"@executable_path/Frameworks",
					"@loader_path/Frameworks",
				);
				PRODUCT_BUNDLE_IDENTIFIER = com.gizmogul.ImageCachingUITests;
				PRODUCT_NAME = "$(TARGET_NAME)";
				SWIFT_VERSION = 5.0;
				TARGETED_DEVICE_FAMILY = "1,2";
				TEST_TARGET_NAME = ImageCaching;
			};
			name = Debug;
		};
		1668A7F9272A7F9600627721 /* Release */ = {
			isa = XCBuildConfiguration;
			buildSettings = {
				ALWAYS_EMBED_SWIFT_STANDARD_LIBRARIES = YES;
				CODE_SIGN_STYLE = Automatic;
				INFOPLIST_FILE = ImageCachingUITests/Info.plist;
				LD_RUNPATH_SEARCH_PATHS = (
					"$(inherited)",
					"@executable_path/Frameworks",
					"@loader_path/Frameworks",
				);
				PRODUCT_BUNDLE_IDENTIFIER = com.gizmogul.ImageCachingUITests;
				PRODUCT_NAME = "$(TARGET_NAME)";
				SWIFT_VERSION = 5.0;
				TARGETED_DEVICE_FAMILY = "1,2";
				TEST_TARGET_NAME = ImageCaching;
			};
			name = Release;
		};
/* End XCBuildConfiguration section */

/* Begin XCConfigurationList section */
		1668A7BF272A7F9300627721 /* Build configuration list for PBXProject "ImageCaching" */ = {
			isa = XCConfigurationList;
			buildConfigurations = (
				1668A7EF272A7F9600627721 /* Debug */,
				1668A7F0272A7F9600627721 /* Release */,
			);
			defaultConfigurationIsVisible = 0;
			defaultConfigurationName = Release;
		};
		1668A7F1272A7F9600627721 /* Build configuration list for PBXNativeTarget "ImageCaching" */ = {
			isa = XCConfigurationList;
			buildConfigurations = (
				1668A7F2272A7F9600627721 /* Debug */,
				1668A7F3272A7F9600627721 /* Release */,
			);
			defaultConfigurationIsVisible = 0;
			defaultConfigurationName = Release;
		};
		1668A7F4272A7F9600627721 /* Build configuration list for PBXNativeTarget "ImageCachingTests" */ = {
			isa = XCConfigurationList;
			buildConfigurations = (
				1668A7F5272A7F9600627721 /* Debug */,
				1668A7F6272A7F9600627721 /* Release */,
			);
			defaultConfigurationIsVisible = 0;
			defaultConfigurationName = Release;
		};
		1668A7F7272A7F9600627721 /* Build configuration list for PBXNativeTarget "ImageCachingUITests" */ = {
			isa = XCConfigurationList;
			buildConfigurations = (
				1668A7F8272A7F9600627721 /* Debug */,
				1668A7F9272A7F9600627721 /* Release */,
			);
			defaultConfigurationIsVisible = 0;
			defaultConfigurationName = Release;
		};
/* End XCConfigurationList section */

/* Begin XCVersionGroup section */
		1668A7D0272A7F9300627721 /* ImageCaching.xcdatamodeld */ = {
			isa = XCVersionGroup;
			children = (
				1668A7D1272A7F9300627721 /* ImageCaching.xcdatamodel */,
			);
			currentVersion = 1668A7D1272A7F9300627721 /* ImageCaching.xcdatamodel */;
			path = ImageCaching.xcdatamodeld;
			sourceTree = "<group>";
			versionGroupType = wrapper.xcdatamodel;
		};
/* End XCVersionGroup section */
	};
	rootObject = 1668A7BC272A7F9300627721 /* Project object */;
}
